
Microsoft Visual Studio Solution File, Format Version 12.00
# Visual Studio Version 17
VisualStudioVersion = 17.10.35122.118
MinimumVisualStudioVersion = 10.0.40219.1
Project("{FAE04EC0-301F-11D3-BF4B-00C04F79EFBC}") = "Test_1", "Test_1\Test_1.csproj", "{A0FEC3C9-759F-4F53-B40D-C4F39FE4F505}"
EndProject
Global
	GlobalSection(SolutionConfigurationPlatforms) = preSolution
		Debug|Any CPU = Debug|Any CPU
		Release|Any CPU = Release|Any CPU
	EndGlobalSection
	GlobalSection(ProjectConfigurationPlatforms) = postSolution
		{A0FEC3C9-759F-4F53-B40D-C4F39FE4F505}.Debug|Any CPU.ActiveCfg = Debug|Any CPU
		{A0FEC3C9-759F-4F53-B40D-C4F39FE4F505}.Debug|Any CPU.Build.0 = Debug|Any CPU
		{A0FEC3C9-759F-4F53-B40D-C4F39FE4F505}.Release|Any CPU.ActiveCfg = Release|Any CPU
		{A0FEC3C9-759F-4F53-B40D-C4F39FE4F505}.Release|Any CPU.Build.0 = Release|Any CPU
	EndGlobalSection
	GlobalSection(SolutionProperties) = preSolution
		HideSolutionNode = FALSE
	EndGlobalSection
	GlobalSection(ExtensibilityGlobals) = postSolution
		SolutionGuid = {3FE95332-F28C-4426-B2E4-8AFE99A8EA61}
	EndGlobalSection
EndGlobal
